
Microsoft Visual Studio Solution File, Format Version 12.00
# Visual Studio Version 17
VisualStudioVersion = 17.4.33213.308
MinimumVisualStudioVersion = 10.0.40219.1
Project("{9A19103F-16F7-4668-BE54-9A1E7A4F7556}") = "MeetingsLime", "MeetingsLime.csproj", "{6E298858-61CE-46D7-8EE3-DC69A8C13E86}"
EndProject
Project("{2150E333-8FDC-42A3-9474-1A3956D46DE8}") = "Solution Items", "Solution Items", "{51F9D751-4992-49AE-BB76-AA05AFAF8CEB}"
	ProjectSection(SolutionItems) = preProject
		..\docker-compose.yml = ..\docker-compose.yml
		..\Dockerfile = ..\Dockerfile
		..\README.md = ..\README.md
	EndProjectSection
EndProject
Project("{9A19103F-16F7-4668-BE54-9A1E7A4F7556}") = "MeetingsLime.Domain", "..\MeetingsLime.Domain\MeetingsLime.Domain.csproj", "{6B7210CA-D421-4EB8-8D5F-68B7A6575AD4}"
EndProject
Project("{9A19103F-16F7-4668-BE54-9A1E7A4F7556}") = "MeetingsLime.Infrastructure", "..\MeetingsLime.Infrastructure\MeetingsLime.Infrastructure.csproj", "{0C666C63-141D-4071-85C5-0BB7FE1C5BD8}"
EndProject
Project("{9A19103F-16F7-4668-BE54-9A1E7A4F7556}") = "MeetingsLime.UnitTests", "..\MeetingsLime.UnitTests\MeetingsLime.UnitTests.csproj", "{9FE2C9A6-507C-4045-B20F-28C63AF02FEA}"
EndProject
Global
	GlobalSection(SolutionConfigurationPlatforms) = preSolution
		Debug|Any CPU = Debug|Any CPU
		Release|Any CPU = Release|Any CPU
	EndGlobalSection
	GlobalSection(ProjectConfigurationPlatforms) = postSolution
		{6E298858-61CE-46D7-8EE3-DC69A8C13E86}.Debug|Any CPU.ActiveCfg = Debug|Any CPU
		{6E298858-61CE-46D7-8EE3-DC69A8C13E86}.Debug|Any CPU.Build.0 = Debug|Any CPU
		{6E298858-61CE-46D7-8EE3-DC69A8C13E86}.Release|Any CPU.ActiveCfg = Release|Any CPU
		{6E298858-61CE-46D7-8EE3-DC69A8C13E86}.Release|Any CPU.Build.0 = Release|Any CPU
		{6B7210CA-D421-4EB8-8D5F-68B7A6575AD4}.Debug|Any CPU.ActiveCfg = Debug|Any CPU
		{6B7210CA-D421-4EB8-8D5F-68B7A6575AD4}.Debug|Any CPU.Build.0 = Debug|Any CPU
		{6B7210CA-D421-4EB8-8D5F-68B7A6575AD4}.Release|Any CPU.ActiveCfg = Release|Any CPU
		{6B7210CA-D421-4EB8-8D5F-68B7A6575AD4}.Release|Any CPU.Build.0 = Release|Any CPU
		{0C666C63-141D-4071-85C5-0BB7FE1C5BD8}.Debug|Any CPU.ActiveCfg = Debug|Any CPU
		{0C666C63-141D-4071-85C5-0BB7FE1C5BD8}.Debug|Any CPU.Build.0 = Debug|Any CPU
		{0C666C63-141D-4071-85C5-0BB7FE1C5BD8}.Release|Any CPU.ActiveCfg = Release|Any CPU
		{0C666C63-141D-4071-85C5-0BB7FE1C5BD8}.Release|Any CPU.Build.0 = Release|Any CPU
		{9FE2C9A6-507C-4045-B20F-28C63AF02FEA}.Debug|Any CPU.ActiveCfg = Debug|Any CPU
		{9FE2C9A6-507C-4045-B20F-28C63AF02FEA}.Debug|Any CPU.Build.0 = Debug|Any CPU
		{9FE2C9A6-507C-4045-B20F-28C63AF02FEA}.Release|Any CPU.ActiveCfg = Release|Any CPU
		{9FE2C9A6-507C-4045-B20F-28C63AF02FEA}.Release|Any CPU.Build.0 = Release|Any CPU
	EndGlobalSection
	GlobalSection(SolutionProperties) = preSolution
		HideSolutionNode = FALSE
	EndGlobalSection
	GlobalSection(ExtensibilityGlobals) = postSolution
		SolutionGuid = {31F8E5BC-DC96-4492-A913-BD9169F0531B}
	EndGlobalSection
EndGlobal
