
Microsoft Visual Studio Solution File, Format Version 12.00
# Visual Studio Version 17
VisualStudioVersion = 17.4.33213.308
MinimumVisualStudioVersion = 10.0.40219.1
Project("{FAE04EC0-301F-11D3-BF4B-00C04F79EFBC}") = "MeetingsLime", "MeetingsLime.csproj", "{6E298858-61CE-46D7-8EE3-DC69A8C13E86}"
EndProject
Global
	GlobalSection(SolutionConfigurationPlatforms) = preSolution
		Debug|Any CPU = Debug|Any CPU
		Release|Any CPU = Release|Any CPU
	EndGlobalSection
	GlobalSection(ProjectConfigurationPlatforms) = postSolution
		{6E298858-61CE-46D7-8EE3-DC69A8C13E86}.Debug|Any CPU.ActiveCfg = Debug|Any CPU
		{6E298858-61CE-46D7-8EE3-DC69A8C13E86}.Debug|Any CPU.Build.0 = Debug|Any CPU
		{6E298858-61CE-46D7-8EE3-DC69A8C13E86}.Release|Any CPU.ActiveCfg = Release|Any CPU
		{6E298858-61CE-46D7-8EE3-DC69A8C13E86}.Release|Any CPU.Build.0 = Release|Any CPU
	EndGlobalSection
	GlobalSection(SolutionProperties) = preSolution
		HideSolutionNode = FALSE
	EndGlobalSection
	GlobalSection(ExtensibilityGlobals) = postSolution
		SolutionGuid = {31F8E5BC-DC96-4492-A913-BD9169F0531B}
	EndGlobalSection
EndGlobal
